
Microsoft Visual Studio Solution File, Format Version 12.00
# Visual Studio Version 16
VisualStudioVersion = 16.0.31112.23
MinimumVisualStudioVersion = 10.0.40219.1
Project("{FAE04EC0-301F-11D3-BF4B-00C04F79EFBC}") = "Phoneword.UWP", "Phoneword\Phoneword.UWP\Phoneword.UWP.csproj", "{5A6BFCDB-5315-423B-B3E7-4AB0B428D58F}"
EndProject
Project("{FAE04EC0-301F-11D3-BF4B-00C04F79EFBC}") = "Phoneword.Android", "Phoneword\Phoneword.Android\Phoneword.Android.csproj", "{B38EC4B1-EDF8-4C0E-97C9-CEFFE3BEA658}"
EndProject
Project("{FAE04EC0-301F-11D3-BF4B-00C04F79EFBC}") = "Phoneword.iOS", "Phoneword\Phoneword.iOS\Phoneword.iOS.csproj", "{A3ED8324-7C3A-495E-9BF9-D7FDCFAFCFEF}"
EndProject
Project("{FAE04EC0-301F-11D3-BF4B-00C04F79EFBC}") = "Phoneword", "Phoneword\Phoneword\Phoneword.csproj", "{83DCFB07-03B7-49D4-BF3B-D0A28CFA4F54}"
EndProject
Global
	GlobalSection(SolutionConfigurationPlatforms) = preSolution
		Debug|Any CPU = Debug|Any CPU
		Debug|ARM = Debug|ARM
		Debug|iPhone = Debug|iPhone
		Debug|iPhoneSimulator = Debug|iPhoneSimulator
		Debug|x64 = Debug|x64
		Debug|x86 = Debug|x86
		Release|Any CPU = Release|Any CPU
		Release|ARM = Release|ARM
		Release|iPhone = Release|iPhone
		Release|iPhoneSimulator = Release|iPhoneSimulator
		Release|x64 = Release|x64
		Release|x86 = Release|x86
	EndGlobalSection
	GlobalSection(ProjectConfigurationPlatforms) = postSolution
		{5A6BFCDB-5315-423B-B3E7-4AB0B428D58F}.Debug|Any CPU.ActiveCfg = Debug|x86
		{5A6BFCDB-5315-423B-B3E7-4AB0B428D58F}.Debug|Any CPU.Build.0 = Debug|x86
		{5A6BFCDB-5315-423B-B3E7-4AB0B428D58F}.Debug|Any CPU.Deploy.0 = Debug|x86
		{5A6BFCDB-5315-423B-B3E7-4AB0B428D58F}.Debug|ARM.ActiveCfg = Debug|ARM
		{5A6BFCDB-5315-423B-B3E7-4AB0B428D58F}.Debug|ARM.Build.0 = Debug|ARM
		{5A6BFCDB-5315-423B-B3E7-4AB0B428D58F}.Debug|ARM.Deploy.0 = Debug|ARM
		{5A6BFCDB-5315-423B-B3E7-4AB0B428D58F}.Debug|iPhone.ActiveCfg = Debug|x86
		{5A6BFCDB-5315-423B-B3E7-4AB0B428D58F}.Debug|iPhone.Build.0 = Debug|x86
		{5A6BFCDB-5315-423B-B3E7-4AB0B428D58F}.Debug|iPhone.Deploy.0 = Debug|x86
		{5A6BFCDB-5315-423B-B3E7-4AB0B428D58F}.Debug|iPhoneSimulator.ActiveCfg = Debug|x86
		{5A6BFCDB-5315-423B-B3E7-4AB0B428D58F}.Debug|iPhoneSimulator.Build.0 = Debug|x86
		{5A6BFCDB-5315-423B-B3E7-4AB0B428D58F}.Debug|iPhoneSimulator.Deploy.0 = Debug|x86
		{5A6BFCDB-5315-423B-B3E7-4AB0B428D58F}.Debug|x64.ActiveCfg = Debug|x64
		{5A6BFCDB-5315-423B-B3E7-4AB0B428D58F}.Debug|x64.Build.0 = Debug|x64
		{5A6BFCDB-5315-423B-B3E7-4AB0B428D58F}.Debug|x64.Deploy.0 = Debug|x64
		{5A6BFCDB-5315-423B-B3E7-4AB0B428D58F}.Debug|x86.ActiveCfg = Debug|x86
		{5A6BFCDB-5315-423B-B3E7-4AB0B428D58F}.Debug|x86.Build.0 = Debug|x86
		{5A6BFCDB-5315-423B-B3E7-4AB0B428D58F}.Debug|x86.Deploy.0 = Debug|x86
		{5A6BFCDB-5315-423B-B3E7-4AB0B428D58F}.Release|Any CPU.ActiveCfg = Release|x86
		{5A6BFCDB-5315-423B-B3E7-4AB0B428D58F}.Release|Any CPU.Build.0 = Release|x86
		{5A6BFCDB-5315-423B-B3E7-4AB0B428D58F}.Release|Any CPU.Deploy.0 = Release|x86
		{5A6BFCDB-5315-423B-B3E7-4AB0B428D58F}.Release|ARM.ActiveCfg = Release|ARM
		{5A6BFCDB-5315-423B-B3E7-4AB0B428D58F}.Release|ARM.Build.0 = Release|ARM
		{5A6BFCDB-5315-423B-B3E7-4AB0B428D58F}.Release|ARM.Deploy.0 = Release|ARM
		{5A6BFCDB-5315-423B-B3E7-4AB0B428D58F}.Release|iPhone.ActiveCfg = Release|x86
		{5A6BFCDB-5315-423B-B3E7-4AB0B428D58F}.Release|iPhone.Build.0 = Release|x86
		{5A6BFCDB-5315-423B-B3E7-4AB0B428D58F}.Release|iPhone.Deploy.0 = Release|x86
		{5A6BFCDB-5315-423B-B3E7-4AB0B428D58F}.Release|iPhoneSimulator.ActiveCfg = Release|x86
		{5A6BFCDB-5315-423B-B3E7-4AB0B428D58F}.Release|iPhoneSimulator.Build.0 = Release|x86
		{5A6BFCDB-5315-423B-B3E7-4AB0B428D58F}.Release|iPhoneSimulator.Deploy.0 = Release|x86
		{5A6BFCDB-5315-423B-B3E7-4AB0B428D58F}.Release|x64.ActiveCfg = Release|x64
		{5A6BFCDB-5315-423B-B3E7-4AB0B428D58F}.Release|x64.Build.0 = Release|x64
		{5A6BFCDB-5315-423B-B3E7-4AB0B428D58F}.Release|x64.Deploy.0 = Release|x64
		{5A6BFCDB-5315-423B-B3E7-4AB0B428D58F}.Release|x86.ActiveCfg = Release|x86
		{5A6BFCDB-5315-423B-B3E7-4AB0B428D58F}.Release|x86.Build.0 = Release|x86
		{5A6BFCDB-5315-423B-B3E7-4AB0B428D58F}.Release|x86.Deploy.0 = Release|x86
		{B38EC4B1-EDF8-4C0E-97C9-CEFFE3BEA658}.Debug|Any CPU.ActiveCfg = Debug|Any CPU
		{B38EC4B1-EDF8-4C0E-97C9-CEFFE3BEA658}.Debug|Any CPU.Build.0 = Debug|Any CPU
		{B38EC4B1-EDF8-4C0E-97C9-CEFFE3BEA658}.Debug|Any CPU.Deploy.0 = Debug|Any CPU
		{B38EC4B1-EDF8-4C0E-97C9-CEFFE3BEA658}.Debug|ARM.ActiveCfg = Debug|Any CPU
		{B38EC4B1-EDF8-4C0E-97C9-CEFFE3BEA658}.Debug|ARM.Build.0 = Debug|Any CPU
		{B38EC4B1-EDF8-4C0E-97C9-CEFFE3BEA658}.Debug|ARM.Deploy.0 = Debug|Any CPU
		{B38EC4B1-EDF8-4C0E-97C9-CEFFE3BEA658}.Debug|iPhone.ActiveCfg = Debug|Any CPU
		{B38EC4B1-EDF8-4C0E-97C9-CEFFE3BEA658}.Debug|iPhone.Build.0 = Debug|Any CPU
		{B38EC4B1-EDF8-4C0E-97C9-CEFFE3BEA658}.Debug|iPhone.Deploy.0 = Debug|Any CPU
		{B38EC4B1-EDF8-4C0E-97C9-CEFFE3BEA658}.Debug|iPhoneSimulator.ActiveCfg = Debug|Any CPU
		{B38EC4B1-EDF8-4C0E-97C9-CEFFE3BEA658}.Debug|iPhoneSimulator.Build.0 = Debug|Any CPU
		{B38EC4B1-EDF8-4C0E-97C9-CEFFE3BEA658}.Debug|iPhoneSimulator.Deploy.0 = Debug|Any CPU
		{B38EC4B1-EDF8-4C0E-97C9-CEFFE3BEA658}.Debug|x64.ActiveCfg = Debug|Any CPU
		{B38EC4B1-EDF8-4C0E-97C9-CEFFE3BEA658}.Debug|x64.Build.0 = Debug|Any CPU
		{B38EC4B1-EDF8-4C0E-97C9-CEFFE3BEA658}.Debug|x64.Deploy.0 = Debug|Any CPU
		{B38EC4B1-EDF8-4C0E-97C9-CEFFE3BEA658}.Debug|x86.ActiveCfg = Debug|Any CPU
		{B38EC4B1-EDF8-4C0E-97C9-CEFFE3BEA658}.Debug|x86.Build.0 = Debug|Any CPU
		{B38EC4B1-EDF8-4C0E-97C9-CEFFE3BEA658}.Debug|x86.Deploy.0 = Debug|Any CPU
		{B38EC4B1-EDF8-4C0E-97C9-CEFFE3BEA658}.Release|Any CPU.ActiveCfg = Release|Any CPU
		{B38EC4B1-EDF8-4C0E-97C9-CEFFE3BEA658}.Release|Any CPU.Build.0 = Release|Any CPU
		{B38EC4B1-EDF8-4C0E-97C9-CEFFE3BEA658}.Release|Any CPU.Deploy.0 = Release|Any CPU
		{B38EC4B1-EDF8-4C0E-97C9-CEFFE3BEA658}.Release|ARM.ActiveCfg = Release|Any CPU
		{B38EC4B1-EDF8-4C0E-97C9-CEFFE3BEA658}.Release|ARM.Build.0 = Release|Any CPU
		{B38EC4B1-EDF8-4C0E-97C9-CEFFE3BEA658}.Release|ARM.Deploy.0 = Release|Any CPU
		{B38EC4B1-EDF8-4C0E-97C9-CEFFE3BEA658}.Release|iPhone.ActiveCfg = Release|Any CPU
		{B38EC4B1-EDF8-4C0E-97C9-CEFFE3BEA658}.Release|iPhone.Build.0 = Release|Any CPU
		{B38EC4B1-EDF8-4C0E-97C9-CEFFE3BEA658}.Release|iPhone.Deploy.0 = Release|Any CPU
		{B38EC4B1-EDF8-4C0E-97C9-CEFFE3BEA658}.Release|iPhoneSimulator.ActiveCfg = Release|Any CPU
		{B38EC4B1-EDF8-4C0E-97C9-CEFFE3BEA658}.Release|iPhoneSimulator.Build.0 = Release|Any CPU
		{B38EC4B1-EDF8-4C0E-97C9-CEFFE3BEA658}.Release|iPhoneSimulator.Deploy.0 = Release|Any CPU
		{B38EC4B1-EDF8-4C0E-97C9-CEFFE3BEA658}.Release|x64.ActiveCfg = Release|Any CPU
		{B38EC4B1-EDF8-4C0E-97C9-CEFFE3BEA658}.Release|x64.Build.0 = Release|Any CPU
		{B38EC4B1-EDF8-4C0E-97C9-CEFFE3BEA658}.Release|x64.Deploy.0 = Release|Any CPU
		{B38EC4B1-EDF8-4C0E-97C9-CEFFE3BEA658}.Release|x86.ActiveCfg = Release|Any CPU
		{B38EC4B1-EDF8-4C0E-97C9-CEFFE3BEA658}.Release|x86.Build.0 = Release|Any CPU
		{B38EC4B1-EDF8-4C0E-97C9-CEFFE3BEA658}.Release|x86.Deploy.0 = Release|Any CPU
		{A3ED8324-7C3A-495E-9BF9-D7FDCFAFCFEF}.Debug|Any CPU.ActiveCfg = Debug|iPhoneSimulator
		{A3ED8324-7C3A-495E-9BF9-D7FDCFAFCFEF}.Debug|Any CPU.Build.0 = Debug|iPhoneSimulator
		{A3ED8324-7C3A-495E-9BF9-D7FDCFAFCFEF}.Debug|Any CPU.Deploy.0 = Debug|iPhoneSimulator
		{A3ED8324-7C3A-495E-9BF9-D7FDCFAFCFEF}.Debug|ARM.ActiveCfg = Debug|iPhone
		{A3ED8324-7C3A-495E-9BF9-D7FDCFAFCFEF}.Debug|ARM.Build.0 = Debug|iPhone
		{A3ED8324-7C3A-495E-9BF9-D7FDCFAFCFEF}.Debug|ARM.Deploy.0 = Debug|iPhone
		{A3ED8324-7C3A-495E-9BF9-D7FDCFAFCFEF}.Debug|iPhone.ActiveCfg = Debug|iPhone
		{A3ED8324-7C3A-495E-9BF9-D7FDCFAFCFEF}.Debug|iPhone.Build.0 = Debug|iPhone
		{A3ED8324-7C3A-495E-9BF9-D7FDCFAFCFEF}.Debug|iPhone.Deploy.0 = Debug|iPhone
		{A3ED8324-7C3A-495E-9BF9-D7FDCFAFCFEF}.Debug|iPhoneSimulator.ActiveCfg = Debug|iPhoneSimulator
		{A3ED8324-7C3A-495E-9BF9-D7FDCFAFCFEF}.Debug|iPhoneSimulator.Build.0 = Debug|iPhoneSimulator
		{A3ED8324-7C3A-495E-9BF9-D7FDCFAFCFEF}.Debug|iPhoneSimulator.Deploy.0 = Debug|iPhoneSimulator
		{A3ED8324-7C3A-495E-9BF9-D7FDCFAFCFEF}.Debug|x64.ActiveCfg = Debug|iPhoneSimulator
		{A3ED8324-7C3A-495E-9BF9-D7FDCFAFCFEF}.Debug|x64.Build.0 = Debug|iPhoneSimulator
		{A3ED8324-7C3A-495E-9BF9-D7FDCFAFCFEF}.Debug|x64.Deploy.0 = Debug|iPhoneSimulator
		{A3ED8324-7C3A-495E-9BF9-D7FDCFAFCFEF}.Debug|x86.ActiveCfg = Debug|iPhoneSimulator
		{A3ED8324-7C3A-495E-9BF9-D7FDCFAFCFEF}.Debug|x86.Build.0 = Debug|iPhoneSimulator
		{A3ED8324-7C3A-495E-9BF9-D7FDCFAFCFEF}.Debug|x86.Deploy.0 = Debug|iPhoneSimulator
		{A3ED8324-7C3A-495E-9BF9-D7FDCFAFCFEF}.Release|Any CPU.ActiveCfg = Release|iPhoneSimulator
		{A3ED8324-7C3A-495E-9BF9-D7FDCFAFCFEF}.Release|Any CPU.Build.0 = Release|iPhoneSimulator
		{A3ED8324-7C3A-495E-9BF9-D7FDCFAFCFEF}.Release|Any CPU.Deploy.0 = Release|iPhoneSimulator
		{A3ED8324-7C3A-495E-9BF9-D7FDCFAFCFEF}.Release|ARM.ActiveCfg = Release|iPhoneSimulator
		{A3ED8324-7C3A-495E-9BF9-D7FDCFAFCFEF}.Release|ARM.Build.0 = Release|iPhoneSimulator
		{A3ED8324-7C3A-495E-9BF9-D7FDCFAFCFEF}.Release|ARM.Deploy.0 = Release|iPhoneSimulator
		{A3ED8324-7C3A-495E-9BF9-D7FDCFAFCFEF}.Release|iPhone.ActiveCfg = Release|iPhone
		{A3ED8324-7C3A-495E-9BF9-D7FDCFAFCFEF}.Release|iPhone.Build.0 = Release|iPhone
		{A3ED8324-7C3A-495E-9BF9-D7FDCFAFCFEF}.Release|iPhone.Deploy.0 = Release|iPhone
		{A3ED8324-7C3A-495E-9BF9-D7FDCFAFCFEF}.Release|iPhoneSimulator.ActiveCfg = Release|iPhoneSimulator
		{A3ED8324-7C3A-495E-9BF9-D7FDCFAFCFEF}.Release|iPhoneSimulator.Build.0 = Release|iPhoneSimulator
		{A3ED8324-7C3A-495E-9BF9-D7FDCFAFCFEF}.Release|iPhoneSimulator.Deploy.0 = Release|iPhoneSimulator
		{A3ED8324-7C3A-495E-9BF9-D7FDCFAFCFEF}.Release|x64.ActiveCfg = Release|iPhoneSimulator
		{A3ED8324-7C3A-495E-9BF9-D7FDCFAFCFEF}.Release|x64.Build.0 = Release|iPhoneSimulator
		{A3ED8324-7C3A-495E-9BF9-D7FDCFAFCFEF}.Release|x64.Deploy.0 = Release|iPhoneSimulator
		{A3ED8324-7C3A-495E-9BF9-D7FDCFAFCFEF}.Release|x86.ActiveCfg = Release|iPhoneSimulator
		{A3ED8324-7C3A-495E-9BF9-D7FDCFAFCFEF}.Release|x86.Build.0 = Release|iPhoneSimulator
		{A3ED8324-7C3A-495E-9BF9-D7FDCFAFCFEF}.Release|x86.Deploy.0 = Release|iPhoneSimulator
		{83DCFB07-03B7-49D4-BF3B-D0A28CFA4F54}.Debug|Any CPU.ActiveCfg = Debug|Any CPU
		{83DCFB07-03B7-49D4-BF3B-D0A28CFA4F54}.Debug|Any CPU.Build.0 = Debug|Any CPU
		{83DCFB07-03B7-49D4-BF3B-D0A28CFA4F54}.Debug|Any CPU.Deploy.0 = Debug|Any CPU
		{83DCFB07-03B7-49D4-BF3B-D0A28CFA4F54}.Debug|ARM.ActiveCfg = Debug|Any CPU
		{83DCFB07-03B7-49D4-BF3B-D0A28CFA4F54}.Debug|ARM.Build.0 = Debug|Any CPU
		{83DCFB07-03B7-49D4-BF3B-D0A28CFA4F54}.Debug|ARM.Deploy.0 = Debug|Any CPU
		{83DCFB07-03B7-49D4-BF3B-D0A28CFA4F54}.Debug|iPhone.ActiveCfg = Debug|Any CPU
		{83DCFB07-03B7-49D4-BF3B-D0A28CFA4F54}.Debug|iPhone.Build.0 = Debug|Any CPU
		{83DCFB07-03B7-49D4-BF3B-D0A28CFA4F54}.Debug|iPhone.Deploy.0 = Debug|Any CPU
		{83DCFB07-03B7-49D4-BF3B-D0A28CFA4F54}.Debug|iPhoneSimulator.ActiveCfg = Debug|Any CPU
		{83DCFB07-03B7-49D4-BF3B-D0A28CFA4F54}.Debug|iPhoneSimulator.Build.0 = Debug|Any CPU
		{83DCFB07-03B7-49D4-BF3B-D0A28CFA4F54}.Debug|iPhoneSimulator.Deploy.0 = Debug|Any CPU
		{83DCFB07-03B7-49D4-BF3B-D0A28CFA4F54}.Debug|x64.ActiveCfg = Debug|Any CPU
		{83DCFB07-03B7-49D4-BF3B-D0A28CFA4F54}.Debug|x64.Build.0 = Debug|Any CPU
		{83DCFB07-03B7-49D4-BF3B-D0A28CFA4F54}.Debug|x64.Deploy.0 = Debug|Any CPU
		{83DCFB07-03B7-49D4-BF3B-D0A28CFA4F54}.Debug|x86.ActiveCfg = Debug|Any CPU
		{83DCFB07-03B7-49D4-BF3B-D0A28CFA4F54}.Debug|x86.Build.0 = Debug|Any CPU
		{83DCFB07-03B7-49D4-BF3B-D0A28CFA4F54}.Debug|x86.Deploy.0 = Debug|Any CPU
		{83DCFB07-03B7-49D4-BF3B-D0A28CFA4F54}.Release|Any CPU.ActiveCfg = Release|Any CPU
		{83DCFB07-03B7-49D4-BF3B-D0A28CFA4F54}.Release|Any CPU.Build.0 = Release|Any CPU
		{83DCFB07-03B7-49D4-BF3B-D0A28CFA4F54}.Release|Any CPU.Deploy.0 = Release|Any CPU
		{83DCFB07-03B7-49D4-BF3B-D0A28CFA4F54}.Release|ARM.ActiveCfg = Release|Any CPU
		{83DCFB07-03B7-49D4-BF3B-D0A28CFA4F54}.Release|ARM.Build.0 = Release|Any CPU
		{83DCFB07-03B7-49D4-BF3B-D0A28CFA4F54}.Release|ARM.Deploy.0 = Release|Any CPU
		{83DCFB07-03B7-49D4-BF3B-D0A28CFA4F54}.Release|iPhone.ActiveCfg = Release|Any CPU
		{83DCFB07-03B7-49D4-BF3B-D0A28CFA4F54}.Release|iPhone.Build.0 = Release|Any CPU
		{83DCFB07-03B7-49D4-BF3B-D0A28CFA4F54}.Release|iPhone.Deploy.0 = Release|Any CPU
		{83DCFB07-03B7-49D4-BF3B-D0A28CFA4F54}.Release|iPhoneSimulator.ActiveCfg = Release|Any CPU
		{83DCFB07-03B7-49D4-BF3B-D0A28CFA4F54}.Release|iPhoneSimulator.Build.0 = Release|Any CPU
		{83DCFB07-03B7-49D4-BF3B-D0A28CFA4F54}.Release|iPhoneSimulator.Deploy.0 = Release|Any CPU
		{83DCFB07-03B7-49D4-BF3B-D0A28CFA4F54}.Release|x64.ActiveCfg = Release|Any CPU
		{83DCFB07-03B7-49D4-BF3B-D0A28CFA4F54}.Release|x64.Build.0 = Release|Any CPU
		{83DCFB07-03B7-49D4-BF3B-D0A28CFA4F54}.Release|x64.Deploy.0 = Release|Any CPU
		{83DCFB07-03B7-49D4-BF3B-D0A28CFA4F54}.Release|x86.ActiveCfg = Release|Any CPU
		{83DCFB07-03B7-49D4-BF3B-D0A28CFA4F54}.Release|x86.Build.0 = Release|Any CPU
		{83DCFB07-03B7-49D4-BF3B-D0A28CFA4F54}.Release|x86.Deploy.0 = Release|Any CPU
	EndGlobalSection
	GlobalSection(SolutionProperties) = preSolution
		HideSolutionNode = FALSE
	EndGlobalSection
	GlobalSection(ExtensibilityGlobals) = postSolution
		SolutionGuid = {424A4F71-19EE-46D2-ACDE-FCDF01D2657C}
	EndGlobalSection
EndGlobal
